
Microsoft Visual Studio Solution File, Format Version 12.00
# Visual Studio 15
VisualStudioVersion = 15.0.26228.9
MinimumVisualStudioVersion = 10.0.40219.1
Project("{FAE04EC0-301F-11D3-BF4B-00C04F79EFBC}") = "MVVM.Core", "MVVM.Core\MVVM.Core.csproj", "{0BFEDD61-2FFE-4A81-BA1F-F23DD393AD8E}"
EndProject
Project("{FAE04EC0-301F-11D3-BF4B-00C04F79EFBC}") = "MVVM.Uwp", "MVVM.Uwp\MVVM.Uwp.csproj", "{CA2E7103-1AD8-4D11-9368-F42C1065688D}"
EndProject
Project("{FAE04EC0-301F-11D3-BF4B-00C04F79EFBC}") = "MVVM.IOS", "MVVM.IOS\MVVM.IOS.csproj", "{FEFD6B33-011C-4B8A-8BB3-1894A560E23D}"
EndProject
Project("{FAE04EC0-301F-11D3-BF4B-00C04F79EFBC}") = "MVVM.Droid", "MVVM.Droid\MVVM.Droid.csproj", "{18C817AC-4740-4107-B99C-78FAF582F4BF}"
EndProject
Global
	GlobalSection(SolutionConfigurationPlatforms) = preSolution
		Debug|Any CPU = Debug|Any CPU
		Debug|ARM = Debug|ARM
		Debug|iPhone = Debug|iPhone
		Debug|iPhoneSimulator = Debug|iPhoneSimulator
		Debug|x64 = Debug|x64
		Debug|x86 = Debug|x86
		Release|Any CPU = Release|Any CPU
		Release|ARM = Release|ARM
		Release|iPhone = Release|iPhone
		Release|iPhoneSimulator = Release|iPhoneSimulator
		Release|x64 = Release|x64
		Release|x86 = Release|x86
	EndGlobalSection
	GlobalSection(ProjectConfigurationPlatforms) = postSolution
		{0BFEDD61-2FFE-4A81-BA1F-F23DD393AD8E}.Debug|Any CPU.ActiveCfg = Debug|Any CPU
		{0BFEDD61-2FFE-4A81-BA1F-F23DD393AD8E}.Debug|Any CPU.Build.0 = Debug|Any CPU
		{0BFEDD61-2FFE-4A81-BA1F-F23DD393AD8E}.Debug|ARM.ActiveCfg = Debug|Any CPU
		{0BFEDD61-2FFE-4A81-BA1F-F23DD393AD8E}.Debug|ARM.Build.0 = Debug|Any CPU
		{0BFEDD61-2FFE-4A81-BA1F-F23DD393AD8E}.Debug|iPhone.ActiveCfg = Debug|Any CPU
		{0BFEDD61-2FFE-4A81-BA1F-F23DD393AD8E}.Debug|iPhone.Build.0 = Debug|Any CPU
		{0BFEDD61-2FFE-4A81-BA1F-F23DD393AD8E}.Debug|iPhoneSimulator.ActiveCfg = Debug|Any CPU
		{0BFEDD61-2FFE-4A81-BA1F-F23DD393AD8E}.Debug|iPhoneSimulator.Build.0 = Debug|Any CPU
		{0BFEDD61-2FFE-4A81-BA1F-F23DD393AD8E}.Debug|x64.ActiveCfg = Debug|Any CPU
		{0BFEDD61-2FFE-4A81-BA1F-F23DD393AD8E}.Debug|x64.Build.0 = Debug|Any CPU
		{0BFEDD61-2FFE-4A81-BA1F-F23DD393AD8E}.Debug|x86.ActiveCfg = Debug|Any CPU
		{0BFEDD61-2FFE-4A81-BA1F-F23DD393AD8E}.Debug|x86.Build.0 = Debug|Any CPU
		{0BFEDD61-2FFE-4A81-BA1F-F23DD393AD8E}.Release|Any CPU.ActiveCfg = Release|Any CPU
		{0BFEDD61-2FFE-4A81-BA1F-F23DD393AD8E}.Release|Any CPU.Build.0 = Release|Any CPU
		{0BFEDD61-2FFE-4A81-BA1F-F23DD393AD8E}.Release|ARM.ActiveCfg = Release|Any CPU
		{0BFEDD61-2FFE-4A81-BA1F-F23DD393AD8E}.Release|ARM.Build.0 = Release|Any CPU
		{0BFEDD61-2FFE-4A81-BA1F-F23DD393AD8E}.Release|iPhone.ActiveCfg = Release|Any CPU
		{0BFEDD61-2FFE-4A81-BA1F-F23DD393AD8E}.Release|iPhone.Build.0 = Release|Any CPU
		{0BFEDD61-2FFE-4A81-BA1F-F23DD393AD8E}.Release|iPhoneSimulator.ActiveCfg = Release|Any CPU
		{0BFEDD61-2FFE-4A81-BA1F-F23DD393AD8E}.Release|iPhoneSimulator.Build.0 = Release|Any CPU
		{0BFEDD61-2FFE-4A81-BA1F-F23DD393AD8E}.Release|x64.ActiveCfg = Release|Any CPU
		{0BFEDD61-2FFE-4A81-BA1F-F23DD393AD8E}.Release|x64.Build.0 = Release|Any CPU
		{0BFEDD61-2FFE-4A81-BA1F-F23DD393AD8E}.Release|x86.ActiveCfg = Release|Any CPU
		{0BFEDD61-2FFE-4A81-BA1F-F23DD393AD8E}.Release|x86.Build.0 = Release|Any CPU
		{CA2E7103-1AD8-4D11-9368-F42C1065688D}.Debug|Any CPU.ActiveCfg = Debug|x86
		{CA2E7103-1AD8-4D11-9368-F42C1065688D}.Debug|ARM.ActiveCfg = Debug|ARM
		{CA2E7103-1AD8-4D11-9368-F42C1065688D}.Debug|ARM.Build.0 = Debug|ARM
		{CA2E7103-1AD8-4D11-9368-F42C1065688D}.Debug|ARM.Deploy.0 = Debug|ARM
		{CA2E7103-1AD8-4D11-9368-F42C1065688D}.Debug|iPhone.ActiveCfg = Debug|x86
		{CA2E7103-1AD8-4D11-9368-F42C1065688D}.Debug|iPhoneSimulator.ActiveCfg = Debug|x86
		{CA2E7103-1AD8-4D11-9368-F42C1065688D}.Debug|x64.ActiveCfg = Debug|x64
		{CA2E7103-1AD8-4D11-9368-F42C1065688D}.Debug|x64.Build.0 = Debug|x64
		{CA2E7103-1AD8-4D11-9368-F42C1065688D}.Debug|x64.Deploy.0 = Debug|x64
		{CA2E7103-1AD8-4D11-9368-F42C1065688D}.Debug|x86.ActiveCfg = Debug|x86
		{CA2E7103-1AD8-4D11-9368-F42C1065688D}.Debug|x86.Build.0 = Debug|x86
		{CA2E7103-1AD8-4D11-9368-F42C1065688D}.Debug|x86.Deploy.0 = Debug|x86
		{CA2E7103-1AD8-4D11-9368-F42C1065688D}.Release|Any CPU.ActiveCfg = Release|x86
		{CA2E7103-1AD8-4D11-9368-F42C1065688D}.Release|ARM.ActiveCfg = Release|ARM
		{CA2E7103-1AD8-4D11-9368-F42C1065688D}.Release|ARM.Build.0 = Release|ARM
		{CA2E7103-1AD8-4D11-9368-F42C1065688D}.Release|ARM.Deploy.0 = Release|ARM
		{CA2E7103-1AD8-4D11-9368-F42C1065688D}.Release|iPhone.ActiveCfg = Release|x86
		{CA2E7103-1AD8-4D11-9368-F42C1065688D}.Release|iPhoneSimulator.ActiveCfg = Release|x86
		{CA2E7103-1AD8-4D11-9368-F42C1065688D}.Release|x64.ActiveCfg = Release|x64
		{CA2E7103-1AD8-4D11-9368-F42C1065688D}.Release|x64.Build.0 = Release|x64
		{CA2E7103-1AD8-4D11-9368-F42C1065688D}.Release|x64.Deploy.0 = Release|x64
		{CA2E7103-1AD8-4D11-9368-F42C1065688D}.Release|x86.ActiveCfg = Release|x86
		{CA2E7103-1AD8-4D11-9368-F42C1065688D}.Release|x86.Build.0 = Release|x86
		{CA2E7103-1AD8-4D11-9368-F42C1065688D}.Release|x86.Deploy.0 = Release|x86
		{FEFD6B33-011C-4B8A-8BB3-1894A560E23D}.Debug|Any CPU.ActiveCfg = Debug|iPhone
		{FEFD6B33-011C-4B8A-8BB3-1894A560E23D}.Debug|ARM.ActiveCfg = Debug|iPhone
		{FEFD6B33-011C-4B8A-8BB3-1894A560E23D}.Debug|iPhone.ActiveCfg = Debug|iPhone
		{FEFD6B33-011C-4B8A-8BB3-1894A560E23D}.Debug|iPhone.Build.0 = Debug|iPhone
		{FEFD6B33-011C-4B8A-8BB3-1894A560E23D}.Debug|iPhoneSimulator.ActiveCfg = Debug|iPhoneSimulator
		{FEFD6B33-011C-4B8A-8BB3-1894A560E23D}.Debug|iPhoneSimulator.Build.0 = Debug|iPhoneSimulator
		{FEFD6B33-011C-4B8A-8BB3-1894A560E23D}.Debug|x64.ActiveCfg = Debug|iPhone
		{FEFD6B33-011C-4B8A-8BB3-1894A560E23D}.Debug|x86.ActiveCfg = Debug|iPhone
		{FEFD6B33-011C-4B8A-8BB3-1894A560E23D}.Release|Any CPU.ActiveCfg = Release|iPhone
		{FEFD6B33-011C-4B8A-8BB3-1894A560E23D}.Release|ARM.ActiveCfg = Release|iPhone
		{FEFD6B33-011C-4B8A-8BB3-1894A560E23D}.Release|iPhone.ActiveCfg = Release|iPhone
		{FEFD6B33-011C-4B8A-8BB3-1894A560E23D}.Release|iPhone.Build.0 = Release|iPhone
		{FEFD6B33-011C-4B8A-8BB3-1894A560E23D}.Release|iPhoneSimulator.ActiveCfg = Release|iPhoneSimulator
		{FEFD6B33-011C-4B8A-8BB3-1894A560E23D}.Release|iPhoneSimulator.Build.0 = Release|iPhoneSimulator
		{FEFD6B33-011C-4B8A-8BB3-1894A560E23D}.Release|x64.ActiveCfg = Release|iPhone
		{FEFD6B33-011C-4B8A-8BB3-1894A560E23D}.Release|x86.ActiveCfg = Release|iPhone
		{18C817AC-4740-4107-B99C-78FAF582F4BF}.Debug|Any CPU.ActiveCfg = Debug|Any CPU
		{18C817AC-4740-4107-B99C-78FAF582F4BF}.Debug|Any CPU.Build.0 = Debug|Any CPU
		{18C817AC-4740-4107-B99C-78FAF582F4BF}.Debug|Any CPU.Deploy.0 = Debug|Any CPU
		{18C817AC-4740-4107-B99C-78FAF582F4BF}.Debug|ARM.ActiveCfg = Debug|Any CPU
		{18C817AC-4740-4107-B99C-78FAF582F4BF}.Debug|ARM.Build.0 = Debug|Any CPU
		{18C817AC-4740-4107-B99C-78FAF582F4BF}.Debug|ARM.Deploy.0 = Debug|Any CPU
		{18C817AC-4740-4107-B99C-78FAF582F4BF}.Debug|iPhone.ActiveCfg = Debug|Any CPU
		{18C817AC-4740-4107-B99C-78FAF582F4BF}.Debug|iPhone.Build.0 = Debug|Any CPU
		{18C817AC-4740-4107-B99C-78FAF582F4BF}.Debug|iPhone.Deploy.0 = Debug|Any CPU
		{18C817AC-4740-4107-B99C-78FAF582F4BF}.Debug|iPhoneSimulator.ActiveCfg = Debug|Any CPU
		{18C817AC-4740-4107-B99C-78FAF582F4BF}.Debug|iPhoneSimulator.Build.0 = Debug|Any CPU
		{18C817AC-4740-4107-B99C-78FAF582F4BF}.Debug|iPhoneSimulator.Deploy.0 = Debug|Any CPU
		{18C817AC-4740-4107-B99C-78FAF582F4BF}.Debug|x64.ActiveCfg = Debug|Any CPU
		{18C817AC-4740-4107-B99C-78FAF582F4BF}.Debug|x64.Build.0 = Debug|Any CPU
		{18C817AC-4740-4107-B99C-78FAF582F4BF}.Debug|x64.Deploy.0 = Debug|Any CPU
		{18C817AC-4740-4107-B99C-78FAF582F4BF}.Debug|x86.ActiveCfg = Debug|Any CPU
		{18C817AC-4740-4107-B99C-78FAF582F4BF}.Debug|x86.Build.0 = Debug|Any CPU
		{18C817AC-4740-4107-B99C-78FAF582F4BF}.Debug|x86.Deploy.0 = Debug|Any CPU
		{18C817AC-4740-4107-B99C-78FAF582F4BF}.Release|Any CPU.ActiveCfg = Release|Any CPU
		{18C817AC-4740-4107-B99C-78FAF582F4BF}.Release|Any CPU.Build.0 = Release|Any CPU
		{18C817AC-4740-4107-B99C-78FAF582F4BF}.Release|Any CPU.Deploy.0 = Release|Any CPU
		{18C817AC-4740-4107-B99C-78FAF582F4BF}.Release|ARM.ActiveCfg = Release|Any CPU
		{18C817AC-4740-4107-B99C-78FAF582F4BF}.Release|ARM.Build.0 = Release|Any CPU
		{18C817AC-4740-4107-B99C-78FAF582F4BF}.Release|ARM.Deploy.0 = Release|Any CPU
		{18C817AC-4740-4107-B99C-78FAF582F4BF}.Release|iPhone.ActiveCfg = Release|Any CPU
		{18C817AC-4740-4107-B99C-78FAF582F4BF}.Release|iPhone.Build.0 = Release|Any CPU
		{18C817AC-4740-4107-B99C-78FAF582F4BF}.Release|iPhone.Deploy.0 = Release|Any CPU
		{18C817AC-4740-4107-B99C-78FAF582F4BF}.Release|iPhoneSimulator.ActiveCfg = Release|Any CPU
		{18C817AC-4740-4107-B99C-78FAF582F4BF}.Release|iPhoneSimulator.Build.0 = Release|Any CPU
		{18C817AC-4740-4107-B99C-78FAF582F4BF}.Release|iPhoneSimulator.Deploy.0 = Release|Any CPU
		{18C817AC-4740-4107-B99C-78FAF582F4BF}.Release|x64.ActiveCfg = Release|Any CPU
		{18C817AC-4740-4107-B99C-78FAF582F4BF}.Release|x64.Build.0 = Release|Any CPU
		{18C817AC-4740-4107-B99C-78FAF582F4BF}.Release|x64.Deploy.0 = Release|Any CPU
		{18C817AC-4740-4107-B99C-78FAF582F4BF}.Release|x86.ActiveCfg = Release|Any CPU
		{18C817AC-4740-4107-B99C-78FAF582F4BF}.Release|x86.Build.0 = Release|Any CPU
		{18C817AC-4740-4107-B99C-78FAF582F4BF}.Release|x86.Deploy.0 = Release|Any CPU
	EndGlobalSection
	GlobalSection(SolutionProperties) = preSolution
		HideSolutionNode = FALSE
	EndGlobalSection
EndGlobal
